// !$*UTF8*$!
{
	archiveVersion = 1;
	classes = {
	};
	objectVersion = 110;
	objects = {

/* Begin PBXContainerItemProxy section */
		163996C8305987AE00DFB21C /* PBXContainerItemProxy */ = {
			isa = PBXContainerItemProxy;
			containerPortal = 163996B0305987AB00DFB21C /* Project object */;
			proxyType = 1;
			remoteGlobalIDString = 163996B7305987AB00DFB21C;
			remoteInfo = "Mais Ferias";
		};
		163996D2305987AE00DFB21C /* PBXContainerItemProxy */ = {
			isa = PBXContainerItemProxy;
			containerPortal = 163996B0305987AB00DFB21C /* Project object */;
			proxyType = 1;
			remoteGlobalIDString = 163996B7305987AB00DFB21C;
			remoteInfo = "Mais Ferias";
		};
/* End PBXContainerItemProxy section */

/* Begin PBXFileReference section */
		163996B8305987AB00DFB21C /* Mais Ferias.app */ = {isa = PBXFileReference; explicitFileType = wrapper.application; includeInIndex = 0; path = "Mais Ferias.app"; sourceTree = BUILT_PRODUCTS_DIR; };
		163996C7305987AE00DFB21C /* Mais FeriasTests.xctest */ = {isa = PBXFileReference; explicitFileType = wrapper.cfbundle; includeInIndex = 0; path = "Mais FeriasTests.xctest"; sourceTree = BUILT_PRODUCTS_DIR; };
		163996D1305987AE00DFB21C /* Mais FeriasUITests.xctest */ = {isa = PBXFileReference; explicitFileType = wrapper.cfbundle; includeInIndex = 0; path = "Mais FeriasUITests.xctest"; sourceTree = BUILT_PRODUCTS_DIR; };
/* End PBXFileReference section */

/* Begin PBXFileSystemSynchronizedRootGroup section */
		163996BA305987AB00DFB21C /* Mais Ferias */ = {
			isa = PBXFileSystemSynchronizedRootGroup;
			path = "Mais Ferias";
			sourceTree = "<group>";
		};
		163996CA305987AE00DFB21C /* Mais FeriasTests */ = {
			isa = PBXFileSystemSynchronizedRootGroup;
			path = "Mais FeriasTests";
			sourceTree = "<group>";
		};
		163996D4305987AE00DFB21C /* Mais FeriasUITests */ = {
			isa = PBXFileSystemSynchronizedRootGroup;
			path = "Mais FeriasUITests";
			sourceTree = "<group>";
		};
/* End PBXFileSystemSynchronizedRootGroup section */

/* Begin PBXFrameworksBuildPhase section */
		163996B5305987AB00DFB21C /* Frameworks */ = {
			isa = PBXFrameworksBuildPhase;
			files = (
			);
		};
		163996C4305987AE00DFB21C /* Frameworks */ = {
			isa = PBXFrameworksBuildPhase;
			files = (
			);
		};
		163996CE305987AE00DFB21C /* Frameworks */ = {
			isa = PBXFrameworksBuildPhase;
			files = (
			);
		};
/* End PBXFrameworksBuildPhase section */

/* Begin PBXGroup section */
		163996AF305987AB00DFB21C = {
			isa = PBXGroup;
			children = (
				163996BA305987AB00DFB21C /* Mais Ferias */,
				163996CA305987AE00DFB21C /* Mais FeriasTests */,
				163996D4305987AE00DFB21C /* Mais FeriasUITests */,
				163996B9305987AB00DFB21C /* Products */,
			);
			sourceTree = "<group>";
		};
		163996B9305987AB00DFB21C /* Products */ = {
			isa = PBXGroup;
			children = (
				163996B8305987AB00DFB21C /* Mais Ferias.app */,
				163996C7305987AE00DFB21C /* Mais FeriasTests.xctest */,
				163996D1305987AE00DFB21C /* Mais FeriasUITests.xctest */,
			);
			name = Products;
			sourceTree = "<group>";
		};
/* End PBXGroup section */

/* Begin PBXNativeTarget section */
		163996B7305987AB00DFB21C /* Mais Ferias */ = {
			isa = PBXNativeTarget;
			buildConfigurationList = 163996D9305987AE00DFB21C /* Build configuration list for PBXNativeTarget "Mais Ferias" */;
			buildPhases = (
				163996B4305987AB00DFB21C /* Sources */,
				163996B5305987AB00DFB21C /* Frameworks */,
				163996B6305987AB00DFB21C /* Resources */,
			);
			buildRules = (
			);
			fileSystemSynchronizedGroups = (
				163996BA305987AB00DFB21C /* Mais Ferias */,
			);
			name = "Mais Ferias";
			productName = "Mais Ferias";
			productReference = 163996B8305987AB00DFB21C /* Mais Ferias.app */;
			productType = "com.apple.product-type.application";
		};
		163996C6305987AE00DFB21C /* Mais FeriasTests */ = {
			isa = PBXNativeTarget;
			buildConfigurationList = 163996DC305987AE00DFB21C /* Build configuration list for PBXNativeTarget "Mais FeriasTests" */;
			buildPhases = (
				163996C3305987AE00DFB21C /* Sources */,
				163996C4305987AE00DFB21C /* Frameworks */,
				163996C5305987AE00DFB21C /* Resources */,
			);
			buildRules = (
			);
			dependencies = (
				163996C9305987AE00DFB21C /* PBXTargetDependency */,
			);
			fileSystemSynchronizedGroups = (
				163996CA305987AE00DFB21C /* Mais FeriasTests */,
			);
			name = "Mais FeriasTests";
			productName = "Mais FeriasTests";
			productReference = 163996C7305987AE00DFB21C /* Mais FeriasTests.xctest */;
			productType = "com.apple.product-type.bundle.unit-test";
		};
		163996D0305987AE00DFB21C /* Mais FeriasUITests */ = {
			isa = PBXNativeTarget;
			buildConfigurationList = 163996DF305987AE00DFB21C /* Build configuration list for PBXNativeTarget "Mais FeriasUITests" */;
			buildPhases = (
				163996CD305987AE00DFB21C /* Sources */,
				163996CE305987AE00DFB21C /* Frameworks */,
				163996CF305987AE00DFB21C /* Resources */,
			);
			buildRules = (
			);
			dependencies = (
				163996D3305987AE00DFB21C /* PBXTargetDependency */,
			);
			fileSystemSynchronizedGroups = (
				163996D4305987AE00DFB21C /* Mais FeriasUITests */,
			);
			name = "Mais FeriasUITests";
			productName = "Mais FeriasUITests";
			productReference = 163996D1305987AE00DFB21C /* Mais FeriasUITests.xctest */;
			productType = "com.apple.product-type.bundle.ui-testing";
		};
/* End PBXNativeTarget section */

/* Begin PBXProject section */
		163996B0305987AB00DFB21C /* Project object */ = {
			isa = PBXProject;
			attributes = {
				BuildIndependentTargetsInParallel = 1;
				LastSwiftUpdateCheck = 2700;
				LastUpgradeCheck = 2700;
				TargetAttributes = {
					163996B7305987AB00DFB21C = {
						CreatedOnToolsVersion = 27.0;
					};
					163996C6305987AE00DFB21C = {
						CreatedOnToolsVersion = 27.0;
						TestTargetID = 163996B7305987AB00DFB21C;
					};
					163996D0305987AE00DFB21C = {
						CreatedOnToolsVersion = 27.0;
						TestTargetID = 163996B7305987AB00DFB21C;
					};
				};
			};
			buildConfigurationList = 163996B3305987AB00DFB21C /* Build configuration list for PBXProject "Mais Ferias" */;
			developmentRegion = en;
			hasScannedForEncodings = 0;
			knownRegions = (
				en,
				Base,
			);
			mainGroup = 163996AF305987AB00DFB21C;
			minimizedProjectReferenceProxies = 1;
			preferredProjectObjectVersion = 77;
			productRefGroup = 163996B9305987AB00DFB21C /* Products */;
			projectDirPath = "";
			projectRoot = "";
			targets = (
				163996B7305987AB00DFB21C /* Mais Ferias */,
				163996C6305987AE00DFB21C /* Mais FeriasTests */,
				163996D0305987AE00DFB21C /* Mais FeriasUITests */,
			);
		};
/* End PBXProject section */

/* Begin PBXResourcesBuildPhase section */
		163996B6305987AB00DFB21C /* Resources */ = {
			isa = PBXResourcesBuildPhase;
			files = (
			);
		};
		163996C5305987AE00DFB21C /* Resources */ = {
			isa = PBXResourcesBuildPhase;
			files = (
			);
		};
		163996CF305987AE00DFB21C /* Resources */ = {
			isa = PBXResourcesBuildPhase;
			files = (
			);
		};
/* End PBXResourcesBuildPhase section */

/* Begin PBXSourcesBuildPhase section */
		163996B4305987AB00DFB21C /* Sources */ = {
			isa = PBXSourcesBuildPhase;
			files = (
			);
		};
		163996C3305987AE00DFB21C /* Sources */ = {
			isa = PBXSourcesBuildPhase;
			files = (
			);
		};
		163996CD305987AE00DFB21C /* Sources */ = {
			isa = PBXSourcesBuildPhase;
			files = (
			);
		};
/* End PBXSourcesBuildPhase section */

/* Begin PBXTargetDependency section */
		163996C9305987AE00DFB21C /* PBXTargetDependency */ = {
			isa = PBXTargetDependency;
			target = 163996B7305987AB00DFB21C /* Mais Ferias */;
			targetProxy = 163996C8305987AE00DFB21C /* PBXContainerItemProxy */;
		};
		163996D3305987AE00DFB21C /* PBXTargetDependency */ = {
			isa = PBXTargetDependency;
			target = 163996B7305987AB00DFB21C /* Mais Ferias */;
			targetProxy = 163996D2305987AE00DFB21C /* PBXContainerItemProxy */;
		};
/* End PBXTargetDependency section */

/* Begin XCBuildConfiguration section */
		163996D7305987AE00DFB21C /* Debug configuration for PBXProject "Mais Ferias" */ = {
			isa = XCBuildConfiguration;
			buildSettings = {
				ALWAYS_SEARCH_USER_PATHS = NO;
				ASSETCATALOG_COMPILER_GENERATE_SWIFT_ASSET_SYMBOL_EXTENSIONS = YES;
				CLANG_ANALYZER_NONNULL = YES;
				CLANG_ANALYZER_NUMBER_OBJECT_CONVERSION = YES_AGGRESSIVE;
				CLANG_CXX_LANGUAGE_STANDARD = "gnu++20";
				CLANG_ENABLE_MODULES = YES;
				CLANG_ENABLE_OBJC_ARC = YES;
				CLANG_ENABLE_OBJC_WEAK = YES;
				CLANG_WARN_BLOCK_CAPTURE_AUTORELEASING = YES;
				CLANG_WARN_BOOL_CONVERSION = YES;
				CLANG_WARN_COMMA = YES;
				CLANG_WARN_CONSTANT_CONVERSION = YES;
				CLANG_WARN_DEPRECATED_OBJC_IMPLEMENTATIONS = YES;
				CLANG_WARN_DIRECT_OBJC_ISA_USAGE = YES_ERROR;
				CLANG_WARN_DOCUMENTATION_COMMENTS = YES;
				CLANG_WARN_EMPTY_BODY = YES;
				CLANG_WARN_ENUM_CONVERSION = YES;
				CLANG_WARN_INFINITE_RECURSION = YES;
				CLANG_WARN_INT_CONVERSION = YES;
				CLANG_WARN_NON_LITERAL_NULL_CONVERSION = YES;
				CLANG_WARN_OBJC_IMPLICIT_RETAIN_SELF = YES;
				CLANG_WARN_OBJC_LITERAL_CONVERSION = YES;
				CLANG_WARN_OBJC_ROOT_CLASS = YES_ERROR;
				CLANG_WARN_QUOTED_INCLUDE_IN_FRAMEWORK_HEADER = YES;
				CLANG_WARN_RANGE_LOOP_ANALYSIS = YES;
				CLANG_WARN_STRICT_PROTOTYPES = YES;
				CLANG_WARN_SUSPICIOUS_MOVE = YES;
				CLANG_WARN_UNGUARDED_AVAILABILITY = YES_AGGRESSIVE;
				CLANG_WARN_UNREACHABLE_CODE = YES;
				CLANG_WARN__DUPLICATE_METHOD_MATCH = YES;
				COPY_PHASE_STRIP = NO;
				DEBUG_INFORMATION_FORMAT = dwarf;
				DEVELOPMENT_TEAM = WATPVKY6M9;
				ENABLE_STRICT_OBJC_MSGSEND = YES;
				ENABLE_TESTABILITY = YES;
				ENABLE_USER_SCRIPT_SANDBOXING = YES;
				GCC_C_LANGUAGE_STANDARD = gnu17;
				GCC_DYNAMIC_NO_PIC = NO;
				GCC_NO_COMMON_BLOCKS = YES;
				GCC_OPTIMIZATION_LEVEL = 0;
				GCC_PREPROCESSOR_DEFINITIONS = (
					"DEBUG=1",
					"$(inherited)",
				);
				GCC_WARN_64_TO_32_BIT_CONVERSION = YES;
				GCC_WARN_ABOUT_RETURN_TYPE = YES_ERROR;
				GCC_WARN_UNDECLARED_SELECTOR = YES;
				GCC_WARN_UNINITIALIZED_AUTOS = YES_AGGRESSIVE;
				GCC_WARN_UNUSED_FUNCTION = YES;
				GCC_WARN_UNUSED_VARIABLE = YES;
				LOCALIZATION_PREFERS_STRING_CATALOGS = YES;
				MTL_ENABLE_DEBUG_INFO = INCLUDE_SOURCE;
				MTL_FAST_MATH = YES;
				ONLY_ACTIVE_ARCH = YES;
				SWIFT_ACTIVE_COMPILATION_CONDITIONS = "DEBUG $(inherited)";
				SWIFT_OPTIMIZATION_LEVEL = "-Onone";
			};
			name = Debug;
		};
		163996D8305987AE00DFB21C /* Release configuration for PBXProject "Mais Ferias" */ = {
			isa = XCBuildConfiguration;
			buildSettings = {
				ALWAYS_SEARCH_USER_PATHS = NO;
				ASSETCATALOG_COMPILER_GENERATE_SWIFT_ASSET_SYMBOL_EXTENSIONS = YES;
				CLANG_ANALYZER_NONNULL = YES;
				CLANG_ANALYZER_NUMBER_OBJECT_CONVERSION = YES_AGGRESSIVE;
				CLANG_CXX_LANGUAGE_STANDARD = "gnu++20";
				CLANG_ENABLE_MODULES = YES;
				CLANG_ENABLE_OBJC_ARC = YES;
				CLANG_ENABLE_OBJC_WEAK = YES;
				CLANG_WARN_BLOCK_CAPTURE_AUTORELEASING = YES;
				CLANG_WARN_BOOL_CONVERSION = YES;
				CLANG_WARN_COMMA = YES;
				CLANG_WARN_CONSTANT_CONVERSION = YES;
				CLANG_WARN_DEPRECATED_OBJC_IMPLEMENTATIONS = YES;
				CLANG_WARN_DIRECT_OBJC_ISA_USAGE = YES_ERROR;
				CLANG_WARN_DOCUMENTATION_COMMENTS = YES;
				CLANG_WARN_EMPTY_BODY = YES;
				CLANG_WARN_ENUM_CONVERSION = YES;
				CLANG_WARN_INFINITE_RECURSION = YES;
				CLANG_WARN_INT_CONVERSION = YES;
				CLANG_WARN_NON_LITERAL_NULL_CONVERSION = YES;
				CLANG_WARN_OBJC_IMPLICIT_RETAIN_SELF = YES;
				CLANG_WARN_OBJC_LITERAL_CONVERSION = YES;
				CLANG_WARN_OBJC_ROOT_CLASS = YES_ERROR;
				CLANG_WARN_QUOTED_INCLUDE_IN_FRAMEWORK_HEADER = YES;
				CLANG_WARN_RANGE_LOOP_ANALYSIS = YES;
				CLANG_WARN_STRICT_PROTOTYPES = YES;
				CLANG_WARN_SUSPICIOUS_MOVE = YES;
				CLANG_WARN_UNGUARDED_AVAILABILITY = YES_AGGRESSIVE;
				CLANG_WARN_UNREACHABLE_CODE = YES;
				CLANG_WARN__DUPLICATE_METHOD_MATCH = YES;
				COPY_PHASE_STRIP = NO;
				DEBUG_INFORMATION_FORMAT = "dwarf-with-dsym";
				DEVELOPMENT_TEAM = WATPVKY6M9;
				ENABLE_NS_ASSERTIONS = NO;
				ENABLE_STRICT_OBJC_MSGSEND = YES;
				ENABLE_USER_SCRIPT_SANDBOXING = YES;
				GCC_C_LANGUAGE_STANDARD = gnu17;
				GCC_NO_COMMON_BLOCKS = YES;
				GCC_WARN_64_TO_32_BIT_CONVERSION = YES;
				GCC_WARN_ABOUT_RETURN_TYPE = YES_ERROR;
				GCC_WARN_UNDECLARED_SELECTOR = YES;
				GCC_WARN_UNINITIALIZED_AUTOS = YES_AGGRESSIVE;
				GCC_WARN_UNUSED_FUNCTION = YES;
				GCC_WARN_UNUSED_VARIABLE = YES;
				LOCALIZATION_PREFERS_STRING_CATALOGS = YES;
				MTL_ENABLE_DEBUG_INFO = NO;
				MTL_FAST_MATH = YES;
				SWIFT_COMPILATION_MODE = wholemodule;
			};
			name = Release;
		};
		163996DA305987AE00DFB21C /* Debug configuration for PBXNativeTarget "Mais Ferias" */ = {
			isa = XCBuildConfiguration;
			buildSettings = {
				ASSETCATALOG_COMPILER_APPICON_NAME = AppIcon;
				ASSETCATALOG_COMPILER_GLOBAL_ACCENT_COLOR_NAME = AccentColor;
				CODE_SIGN_STYLE = Automatic;
				CURRENT_PROJECT_VERSION = 1;
				DEVELOPMENT_TEAM = WATPVKY6M9;
				ENABLE_APP_SANDBOX = YES;
				ENABLE_HARDENED_RUNTIME = YES;
				ENABLE_PREVIEWS = YES;
				ENABLE_USER_SELECTED_FILES = readonly;
				GENERATE_INFOPLIST_FILE = YES;
				"INFOPLIST_KEY_UIApplicationSceneManifest_Generation[sdk=iphoneos*]" = YES;
				"INFOPLIST_KEY_UIApplicationSceneManifest_Generation[sdk=iphonesimulator*]" = YES;
				"INFOPLIST_KEY_UIApplicationSupportsIndirectInputEvents[sdk=iphoneos*]" = YES;
				"INFOPLIST_KEY_UIApplicationSupportsIndirectInputEvents[sdk=iphonesimulator*]" = YES;
				"INFOPLIST_KEY_UILaunchScreen_Generation[sdk=iphoneos*]" = YES;
				"INFOPLIST_KEY_UILaunchScreen_Generation[sdk=iphonesimulator*]" = YES;
				"INFOPLIST_KEY_UIStatusBarStyle[sdk=iphoneos*]" = UIStatusBarStyleDefault;
				"INFOPLIST_KEY_UIStatusBarStyle[sdk=iphonesimulator*]" = UIStatusBarStyleDefault;
				INFOPLIST_KEY_UISupportedInterfaceOrientations_iPad = "UIInterfaceOrientationPortrait UIInterfaceOrientationPortraitUpsideDown UIInterfaceOrientationLandscapeLeft UIInterfaceOrientationLandscapeRight";
				INFOPLIST_KEY_UISupportedInterfaceOrientations_iPhone = "UIInterfaceOrientationPortrait UIInterfaceOrientationLandscapeLeft UIInterfaceOrientationLandscapeRight";
				IPHONEOS_DEPLOYMENT_TARGET = 27.0;
				LD_RUNPATH_SEARCH_PATHS = "@executable_path/Frameworks";
				"LD_RUNPATH_SEARCH_PATHS[sdk=macosx*]" = "@executable_path/../Frameworks";
				MACOSX_DEPLOYMENT_TARGET = 27.0;
				MARKETING_VERSION = 1.0;
				PRODUCT_BUNDLE_IDENTIFIER = "br.com.nfsconsultoria.Mais-Ferias";
				PRODUCT_NAME = "$(TARGET_NAME)";
				REGISTER_APP_GROUPS = YES;
				SDKROOT = auto;
				STRING_CATALOG_GENERATE_SYMBOLS = YES;
				SUPPORTED_PLATFORMS = "iphoneos iphonesimulator macosx xros xrsimulator";
				SWIFT_APPROACHABLE_CONCURRENCY = YES;
				SWIFT_DEFAULT_ACTOR_ISOLATION = MainActor;
				SWIFT_EMIT_LOC_STRINGS = YES;
				SWIFT_UPCOMING_FEATURE_MEMBER_IMPORT_VISIBILITY = YES;
				SWIFT_VERSION = 5.0;
				TARGETED_DEVICE_FAMILY = "1,2,7";
				XROS_DEPLOYMENT_TARGET = 27.0;
			};
			name = Debug;
		};
		163996DB305987AE00DFB21C /* Release configuration for PBXNativeTarget "Mais Ferias" */ = {
			isa = XCBuildConfiguration;
			buildSettings = {
				ASSETCATALOG_COMPILER_APPICON_NAME = AppIcon;
				ASSETCATALOG_COMPILER_GLOBAL_ACCENT_COLOR_NAME = AccentColor;
				CODE_SIGN_STYLE = Automatic;
				CURRENT_PROJECT_VERSION = 1;
				DEVELOPMENT_TEAM = WATPVKY6M9;
				ENABLE_APP_SANDBOX = YES;
				ENABLE_HARDENED_RUNTIME = YES;
				ENABLE_PREVIEWS = YES;
				ENABLE_USER_SELECTED_FILES = readonly;
				GENERATE_INFOPLIST_FILE = YES;
				"INFOPLIST_KEY_UIApplicationSceneManifest_Generation[sdk=iphoneos*]" = YES;
				"INFOPLIST_KEY_UIApplicationSceneManifest_Generation[sdk=iphonesimulator*]" = YES;
				"INFOPLIST_KEY_UIApplicationSupportsIndirectInputEvents[sdk=iphoneos*]" = YES;
				"INFOPLIST_KEY_UIApplicationSupportsIndirectInputEvents[sdk=iphonesimulator*]" = YES;
				"INFOPLIST_KEY_UILaunchScreen_Generation[sdk=iphoneos*]" = YES;
				"INFOPLIST_KEY_UILaunchScreen_Generation[sdk=iphonesimulator*]" = YES;
				"INFOPLIST_KEY_UIStatusBarStyle[sdk=iphoneos*]" = UIStatusBarStyleDefault;
				"INFOPLIST_KEY_UIStatusBarStyle[sdk=iphonesimulator*]" = UIStatusBarStyleDefault;
				INFOPLIST_KEY_UISupportedInterfaceOrientations_iPad = "UIInterfaceOrientationPortrait UIInterfaceOrientationPortraitUpsideDown UIInterfaceOrientationLandscapeLeft UIInterfaceOrientationLandscapeRight";
				INFOPLIST_KEY_UISupportedInterfaceOrientations_iPhone = "UIInterfaceOrientationPortrait UIInterfaceOrientationLandscapeLeft UIInterfaceOrientationLandscapeRight";
				IPHONEOS_DEPLOYMENT_TARGET = 27.0;
				LD_RUNPATH_SEARCH_PATHS = "@executable_path/Frameworks";
				"LD_RUNPATH_SEARCH_PATHS[sdk=macosx*]" = "@executable_path/../Frameworks";
				MACOSX_DEPLOYMENT_TARGET = 27.0;
				MARKETING_VERSION = 1.0;
				PRODUCT_BUNDLE_IDENTIFIER = "br.com.nfsconsultoria.Mais-Ferias";
				PRODUCT_NAME = "$(TARGET_NAME)";
				REGISTER_APP_GROUPS = YES;
				SDKROOT = auto;
				STRING_CATALOG_GENERATE_SYMBOLS = YES;
				SUPPORTED_PLATFORMS = "iphoneos iphonesimulator macosx xros xrsimulator";
				SWIFT_APPROACHABLE_CONCURRENCY = YES;
				SWIFT_DEFAULT_ACTOR_ISOLATION = MainActor;
				SWIFT_EMIT_LOC_STRINGS = YES;
				SWIFT_UPCOMING_FEATURE_MEMBER_IMPORT_VISIBILITY = YES;
				SWIFT_VERSION = 5.0;
				TARGETED_DEVICE_FAMILY = "1,2,7";
				XROS_DEPLOYMENT_TARGET = 27.0;
			};
			name = Release;
		};
		163996DD305987AE00DFB21C /* Debug configuration for PBXNativeTarget "Mais FeriasTests" */ = {
			isa = XCBuildConfiguration;
			buildSettings = {
				BUNDLE_LOADER = "$(TEST_HOST)";
				CODE_SIGN_STYLE = Automatic;
				CURRENT_PROJECT_VERSION = 1;
				DEVELOPMENT_TEAM = WATPVKY6M9;
				GENERATE_INFOPLIST_FILE = YES;
				IPHONEOS_DEPLOYMENT_TARGET = 27.0;
				MACOSX_DEPLOYMENT_TARGET = 27.0;
				MARKETING_VERSION = 1.0;
				PRODUCT_BUNDLE_IDENTIFIER = "br.com.nfsconsultoria.Mais-FeriasTests";
				PRODUCT_NAME = "$(TARGET_NAME)";
				SDKROOT = auto;
				STRING_CATALOG_GENERATE_SYMBOLS = NO;
				SUPPORTED_PLATFORMS = "iphoneos iphonesimulator macosx xros xrsimulator";
				SWIFT_APPROACHABLE_CONCURRENCY = YES;
				SWIFT_EMIT_LOC_STRINGS = NO;
				SWIFT_UPCOMING_FEATURE_MEMBER_IMPORT_VISIBILITY = YES;
				SWIFT_VERSION = 5.0;
				TARGETED_DEVICE_FAMILY = "1,2,7";
				TEST_HOST = "$(BUILT_PRODUCTS_DIR)/Mais Ferias.app/$(BUNDLE_EXECUTABLE_FOLDER_PATH)/Mais Ferias";
				XROS_DEPLOYMENT_TARGET = 27.0;
			};
			name = Debug;
		};
		163996DE305987AE00DFB21C /* Release configuration for PBXNativeTarget "Mais FeriasTests" */ = {
			isa = XCBuildConfiguration;
			buildSettings = {
				BUNDLE_LOADER = "$(TEST_HOST)";
				CODE_SIGN_STYLE = Automatic;
				CURRENT_PROJECT_VERSION = 1;
				DEVELOPMENT_TEAM = WATPVKY6M9;
				GENERATE_INFOPLIST_FILE = YES;
				IPHONEOS_DEPLOYMENT_TARGET = 27.0;
				MACOSX_DEPLOYMENT_TARGET = 27.0;
				MARKETING_VERSION = 1.0;
				PRODUCT_BUNDLE_IDENTIFIER = "br.com.nfsconsultoria.Mais-FeriasTests";
				PRODUCT_NAME = "$(TARGET_NAME)";
				SDKROOT = auto;
				STRING_CATALOG_GENERATE_SYMBOLS = NO;
				SUPPORTED_PLATFORMS = "iphoneos iphonesimulator macosx xros xrsimulator";
				SWIFT_APPROACHABLE_CONCURRENCY = YES;
				SWIFT_EMIT_LOC_STRINGS = NO;
				SWIFT_UPCOMING_FEATURE_MEMBER_IMPORT_VISIBILITY = YES;
				SWIFT_VERSION = 5.0;
				TARGETED_DEVICE_FAMILY = "1,2,7";
				TEST_HOST = "$(BUILT_PRODUCTS_DIR)/Mais Ferias.app/$(BUNDLE_EXECUTABLE_FOLDER_PATH)/Mais Ferias";
				XROS_DEPLOYMENT_TARGET = 27.0;
			};
			name = Release;
		};
		163996E0305987AE00DFB21C /* Debug configuration for PBXNativeTarget "Mais FeriasUITests" */ = {
			isa = XCBuildConfiguration;
			buildSettings = {
				CODE_SIGN_STYLE = Automatic;
				CURRENT_PROJECT_VERSION = 1;
				DEVELOPMENT_TEAM = WATPVKY6M9;
				GENERATE_INFOPLIST_FILE = YES;
				IPHONEOS_DEPLOYMENT_TARGET = 27.0;
				MACOSX_DEPLOYMENT_TARGET = 27.0;
				MARKETING_VERSION = 1.0;
				PRODUCT_BUNDLE_IDENTIFIER = "br.com.nfsconsultoria.Mais-FeriasUITests";
				PRODUCT_NAME = "$(TARGET_NAME)";
				SDKROOT = auto;
				STRING_CATALOG_GENERATE_SYMBOLS = NO;
				SUPPORTED_PLATFORMS = "iphoneos iphonesimulator macosx xros xrsimulator";
				SWIFT_APPROACHABLE_CONCURRENCY = YES;
				SWIFT_EMIT_LOC_STRINGS = NO;
				SWIFT_UPCOMING_FEATURE_MEMBER_IMPORT_VISIBILITY = YES;
				SWIFT_VERSION = 5.0;
				TARGETED_DEVICE_FAMILY = "1,2,7";
				TEST_TARGET_NAME = "Mais Ferias";
				XROS_DEPLOYMENT_TARGET = 27.0;
			};
			name = Debug;
		};
		163996E1305987AE00DFB21C /* Release configuration for PBXNativeTarget "Mais FeriasUITests" */ = {
			isa = XCBuildConfiguration;
			buildSettings = {
				CODE_SIGN_STYLE = Automatic;
				CURRENT_PROJECT_VERSION = 1;
				DEVELOPMENT_TEAM = WATPVKY6M9;
				GENERATE_INFOPLIST_FILE = YES;
				IPHONEOS_DEPLOYMENT_TARGET = 27.0;
				MACOSX_DEPLOYMENT_TARGET = 27.0;
				MARKETING_VERSION = 1.0;
				PRODUCT_BUNDLE_IDENTIFIER = "br.com.nfsconsultoria.Mais-FeriasUITests";
				PRODUCT_NAME = "$(TARGET_NAME)";
				SDKROOT = auto;
				STRING_CATALOG_GENERATE_SYMBOLS = NO;
				SUPPORTED_PLATFORMS = "iphoneos iphonesimulator macosx xros xrsimulator";
				SWIFT_APPROACHABLE_CONCURRENCY = YES;
				SWIFT_EMIT_LOC_STRINGS = NO;
				SWIFT_UPCOMING_FEATURE_MEMBER_IMPORT_VISIBILITY = YES;
				SWIFT_VERSION = 5.0;
				TARGETED_DEVICE_FAMILY = "1,2,7";
				TEST_TARGET_NAME = "Mais Ferias";
				XROS_DEPLOYMENT_TARGET = 27.0;
			};
			name = Release;
		};
/* End XCBuildConfiguration section */

/* Begin XCConfigurationList section */
		163996B3305987AB00DFB21C /* Build configuration list for PBXProject "Mais Ferias" */ = {
			isa = XCConfigurationList;
			buildConfigurations = (
				163996D7305987AE00DFB21C /* Debug configuration for PBXProject "Mais Ferias" */,
				163996D8305987AE00DFB21C /* Release configuration for PBXProject "Mais Ferias" */,
			);
			defaultConfigurationName = Release;
		};
		163996D9305987AE00DFB21C /* Build configuration list for PBXNativeTarget "Mais Ferias" */ = {
			isa = XCConfigurationList;
			buildConfigurations = (
				163996DA305987AE00DFB21C /* Debug configuration for PBXNativeTarget "Mais Ferias" */,
				163996DB305987AE00DFB21C /* Release configuration for PBXNativeTarget "Mais Ferias" */,
			);
			defaultConfigurationName = Release;
		};
		163996DC305987AE00DFB21C /* Build configuration list for PBXNativeTarget "Mais FeriasTests" */ = {
			isa = XCConfigurationList;
			buildConfigurations = (
				163996DD305987AE00DFB21C /* Debug configuration for PBXNativeTarget "Mais FeriasTests" */,
				163996DE305987AE00DFB21C /* Release configuration for PBXNativeTarget "Mais FeriasTests" */,
			);
			defaultConfigurationName = Release;
		};
		163996DF305987AE00DFB21C /* Build configuration list for PBXNativeTarget "Mais FeriasUITests" */ = {
			isa = XCConfigurationList;
			buildConfigurations = (
				163996E0305987AE00DFB21C /* Debug configuration for PBXNativeTarget "Mais FeriasUITests" */,
				163996E1305987AE00DFB21C /* Release configuration for PBXNativeTarget "Mais FeriasUITests" */,
			);
			defaultConfigurationName = Release;
		};
/* End XCConfigurationList section */
	};
	rootObject = 163996B0305987AB00DFB21C /* Project object */;
	validationLevel = 1;
}
